// !$*UTF8*$!
{
	archiveVersion = 1;
	classes = {
	};
	objectVersion = 55;
	objects = {

/* Begin PBXBuildFile section */
		C3101BFA27BAC578006FBEAC /* dateKeyboard.swift in Sources */ = {isa = PBXBuildFile; fileRef = C3101BF927BAC578006FBEAC /* dateKeyboard.swift */; };
		C3314C6727C3086E00CD0980 /* DetailViewController.swift in Sources */ = {isa = PBXBuildFile; fileRef = C3314C6627C3086E00CD0980 /* DetailViewController.swift */; };
		C380530427F2CA3B0007FB31 /* DataBaseHelper.swift in Sources */ = {isa = PBXBuildFile; fileRef = C380530327F2CA3B0007FB31 /* DataBaseHelper.swift */; };
		C3967E7727AF7A51004F4F9F /* dateWheelKeyboard.swift in Sources */ = {isa = PBXBuildFile; fileRef = C3967E7627AF7A51004F4F9F /* dateWheelKeyboard.swift */; };
		C3967E7927AF800B004F4F9F /* SettingsViewController.swift in Sources */ = {isa = PBXBuildFile; fileRef = C3967E7827AF800B004F4F9F /* SettingsViewController.swift */; };
		C3967E7B27AF873D004F4F9F /* VehiclesViewController.swift in Sources */ = {isa = PBXBuildFile; fileRef = C3967E7A27AF873D004F4F9F /* VehiclesViewController.swift */; };
		C3B67F9B27962F64002191A7 /* AppDelegate.swift in Sources */ = {isa = PBXBuildFile; fileRef = C3B67F9A27962F64002191A7 /* AppDelegate.swift */; };
		C3B67F9D27962F64002191A7 /* SceneDelegate.swift in Sources */ = {isa = PBXBuildFile; fileRef = C3B67F9C27962F64002191A7 /* SceneDelegate.swift */; };
		C3B67F9F27962F64002191A7 /* AddVehiclesViewController.swift in Sources */ = {isa = PBXBuildFile; fileRef = C3B67F9E27962F64002191A7 /* AddVehiclesViewController.swift */; };
		C3B67FA227962F64002191A7 /* Main.storyboard in Resources */ = {isa = PBXBuildFile; fileRef = C3B67FA027962F64002191A7 /* Main.storyboard */; };
		C3B67FA427962F65002191A7 /* Assets.xcassets in Resources */ = {isa = PBXBuildFile; fileRef = C3B67FA327962F65002191A7 /* Assets.xcassets */; };
		C3B67FA727962F65002191A7 /* LaunchScreen.storyboard in Resources */ = {isa = PBXBuildFile; fileRef = C3B67FA527962F65002191A7 /* LaunchScreen.storyboard */; };
		C3C03EBE27B85FD300F747BD /* CustomCell.swift in Sources */ = {isa = PBXBuildFile; fileRef = C3C03EBD27B85FD300F747BD /* CustomCell.swift */; };
		C3C03EEF27B8A45E00F747BD /* Vehicle+CoreDataProperties.swift in Sources */ = {isa = PBXBuildFile; fileRef = C3C03EEA27B8A45E00F747BD /* Vehicle+CoreDataProperties.swift */; };
		C3C03EF027B8A45E00F747BD /* PersistenceService.swift in Sources */ = {isa = PBXBuildFile; fileRef = C3C03EEB27B8A45E00F747BD /* PersistenceService.swift */; };
		C3C03EF127B8A45E00F747BD /* Vehicle+CoreDataClass.swift in Sources */ = {isa = PBXBuildFile; fileRef = C3C03EEC27B8A45E00F747BD /* Vehicle+CoreDataClass.swift */; };
		C3C03EF227B8A45E00F747BD /* Vehicle Service Tracker.xcdatamodeld in Sources */ = {isa = PBXBuildFile; fileRef = C3C03EED27B8A45E00F747BD /* Vehicle Service Tracker.xcdatamodeld */; };
		C3D86EC827B186090075F07E /* VideoDetailView.swift in Sources */ = {isa = PBXBuildFile; fileRef = C3D86EC727B186090075F07E /* VideoDetailView.swift */; };
		C3D86ECA27B186130075F07E /* Video.swift in Sources */ = {isa = PBXBuildFile; fileRef = C3D86EC927B186130075F07E /* Video.swift */; };
		C3D86ECC27B18D420075F07E /* VideoListView.swift in Sources */ = {isa = PBXBuildFile; fileRef = C3D86ECB27B18D420075F07E /* VideoListView.swift */; };
/* End PBXBuildFile section */

/* Begin PBXFileReference section */
		C3101BF927BAC578006FBEAC /* dateKeyboard.swift */ = {isa = PBXFileReference; lastKnownFileType = sourcecode.swift; path = dateKeyboard.swift; sourceTree = "<group>"; };
		C3314C6627C3086E00CD0980 /* DetailViewController.swift */ = {isa = PBXFileReference; lastKnownFileType = sourcecode.swift; path = DetailViewController.swift; sourceTree = "<group>"; };
		C380530327F2CA3B0007FB31 /* DataBaseHelper.swift */ = {isa = PBXFileReference; lastKnownFileType = sourcecode.swift; path = DataBaseHelper.swift; sourceTree = "<group>"; };
		C3967E7627AF7A51004F4F9F /* dateWheelKeyboard.swift */ = {isa = PBXFileReference; lastKnownFileType = sourcecode.swift; path = dateWheelKeyboard.swift; sourceTree = "<group>"; };
		C3967E7827AF800B004F4F9F /* SettingsViewController.swift */ = {isa = PBXFileReference; lastKnownFileType = sourcecode.swift; path = SettingsViewController.swift; sourceTree = "<group>"; };
		C3967E7A27AF873D004F4F9F /* VehiclesViewController.swift */ = {isa = PBXFileReference; lastKnownFileType = sourcecode.swift; path = VehiclesViewController.swift; sourceTree = "<group>"; };
		C3B67F9727962F64002191A7 /* Vehicle Service Tracker.app */ = {isa = PBXFileReference; explicitFileType = wrapper.application; includeInIndex = 0; path = "Vehicle Service Tracker.app"; sourceTree = BUILT_PRODUCTS_DIR; };
		C3B67F9A27962F64002191A7 /* AppDelegate.swift */ = {isa = PBXFileReference; lastKnownFileType = sourcecode.swift; path = AppDelegate.swift; sourceTree = "<group>"; };
		C3B67F9C27962F64002191A7 /* SceneDelegate.swift */ = {isa = PBXFileReference; lastKnownFileType = sourcecode.swift; path = SceneDelegate.swift; sourceTree = "<group>"; };
		C3B67F9E27962F64002191A7 /* AddVehiclesViewController.swift */ = {isa = PBXFileReference; lastKnownFileType = sourcecode.swift; path = AddVehiclesViewController.swift; sourceTree = "<group>"; };
		C3B67FA127962F64002191A7 /* Base */ = {isa = PBXFileReference; lastKnownFileType = file.storyboard; name = Base; path = Base.lproj/Main.storyboard; sourceTree = "<group>"; };
		C3B67FA327962F65002191A7 /* Assets.xcassets */ = {isa = PBXFileReference; lastKnownFileType = folder.assetcatalog; path = Assets.xcassets; sourceTree = "<group>"; };
		C3B67FA627962F65002191A7 /* Base */ = {isa = PBXFileReference; lastKnownFileType = file.storyboard; name = Base; path = Base.lproj/LaunchScreen.storyboard; sourceTree = "<group>"; };
		C3B67FA827962F65002191A7 /* Info.plist */ = {isa = PBXFileReference; lastKnownFileType = text.plist.xml; path = Info.plist; sourceTree = "<group>"; };
		C3C03EBD27B85FD300F747BD /* CustomCell.swift */ = {isa = PBXFileReference; lastKnownFileType = sourcecode.swift; path = CustomCell.swift; sourceTree = "<group>"; };
		C3C03EEA27B8A45E00F747BD /* Vehicle+CoreDataProperties.swift */ = {isa = PBXFileReference; fileEncoding = 4; lastKnownFileType = sourcecode.swift; path = "Vehicle+CoreDataProperties.swift"; sourceTree = "<group>"; };
		C3C03EEB27B8A45E00F747BD /* PersistenceService.swift */ = {isa = PBXFileReference; fileEncoding = 4; lastKnownFileType = sourcecode.swift; path = PersistenceService.swift; sourceTree = "<group>"; };
		C3C03EEC27B8A45E00F747BD /* Vehicle+CoreDataClass.swift */ = {isa = PBXFileReference; fileEncoding = 4; lastKnownFileType = sourcecode.swift; path = "Vehicle+CoreDataClass.swift"; sourceTree = "<group>"; };
		C3C03EEE27B8A45E00F747BD /* savingData.xcdatamodel */ = {isa = PBXFileReference; lastKnownFileType = wrapper.xcdatamodel; path = savingData.xcdatamodel; sourceTree = "<group>"; };
		C3D86EC727B186090075F07E /* VideoDetailView.swift */ = {isa = PBXFileReference; fileEncoding = 4; lastKnownFileType = sourcecode.swift; path = VideoDetailView.swift; sourceTree = "<group>"; };
		C3D86EC927B186130075F07E /* Video.swift */ = {isa = PBXFileReference; fileEncoding = 4; lastKnownFileType = sourcecode.swift; path = Video.swift; sourceTree = "<group>"; };
		C3D86ECB27B18D420075F07E /* VideoListView.swift */ = {isa = PBXFileReference; fileEncoding = 4; lastKnownFileType = sourcecode.swift; path = VideoListView.swift; sourceTree = "<group>"; };
/* End PBXFileReference section */

/* Begin PBXFrameworksBuildPhase section */
		C3B67F9427962F64002191A7 /* Frameworks */ = {
			isa = PBXFrameworksBuildPhase;
			buildActionMask = 2147483647;
			files = (
			);
			runOnlyForDeploymentPostprocessing = 0;
		};
/* End PBXFrameworksBuildPhase section */

/* Begin PBXGroup section */
		C3AC130727F8FFF40018452F /* Depreciated CoreData Storage */ = {
			isa = PBXGroup;
			children = (
				C3101BF927BAC578006FBEAC /* dateKeyboard.swift */,
				C3C03EEB27B8A45E00F747BD /* PersistenceService.swift */,
				C3C03EEA27B8A45E00F747BD /* Vehicle+CoreDataProperties.swift */,
				C3C03EEC27B8A45E00F747BD /* Vehicle+CoreDataClass.swift */,
			);
			path = "Depreciated CoreData Storage";
			sourceTree = "<group>";
		};
		C3B67F8E27962F64002191A7 = {
			isa = PBXGroup;
			children = (
				C3B67F9927962F64002191A7 /* Vehicle Service Tracker */,
				C3B67F9827962F64002191A7 /* Products */,
			);
			sourceTree = "<group>";
		};
		C3B67F9827962F64002191A7 /* Products */ = {
			isa = PBXGroup;
			children = (
				C3B67F9727962F64002191A7 /* Vehicle Service Tracker.app */,
			);
			name = Products;
			sourceTree = "<group>";
		};
		C3B67F9927962F64002191A7 /* Vehicle Service Tracker */ = {
			isa = PBXGroup;
			children = (
				C3B67F9A27962F64002191A7 /* AppDelegate.swift */,
				C3C03EF327B8A47600F747BD /* SaveData */,
				C3B67F9C27962F64002191A7 /* SceneDelegate.swift */,
				C3C03EBF27B867D300F747BD /* Vehicles Tab */,
				C3B67F9E27962F64002191A7 /* AddVehiclesViewController.swift */,
				C3967E7827AF800B004F4F9F /* SettingsViewController.swift */,
				C3967E7627AF7A51004F4F9F /* dateWheelKeyboard.swift */,
				C3B67FA027962F64002191A7 /* Main.storyboard */,
				C3B67FA327962F65002191A7 /* Assets.xcassets */,
				C3B67FA527962F65002191A7 /* LaunchScreen.storyboard */,
				C3B67FA827962F65002191A7 /* Info.plist */,
				C3AC130727F8FFF40018452F /* Depreciated CoreData Storage */,
				C3C03EC027B8680400F747BD /* SwiftUI List */,
			);
			path = "Vehicle Service Tracker";
			sourceTree = "<group>";
		};
		C3C03EBF27B867D300F747BD /* Vehicles Tab */ = {
			isa = PBXGroup;
			children = (
				C3967E7A27AF873D004F4F9F /* VehiclesViewController.swift */,
				C3314C6627C3086E00CD0980 /* DetailViewController.swift */,
				C3C03EBD27B85FD300F747BD /* CustomCell.swift */,
				C380530327F2CA3B0007FB31 /* DataBaseHelper.swift */,
			);
			path = "Vehicles Tab";
			sourceTree = "<group>";
		};
		C3C03EC027B8680400F747BD /* SwiftUI List */ = {
			isa = PBXGroup;
			children = (
				C3D86ECB27B18D420075F07E /* VideoListView.swift */,
				C3D86EC727B186090075F07E /* VideoDetailView.swift */,
				C3D86EC927B186130075F07E /* Video.swift */,
			);
			path = "SwiftUI List";
			sourceTree = "<group>";
		};
		C3C03EF327B8A47600F747BD /* SaveData */ = {
			isa = PBXGroup;
			children = (
				C3C03EED27B8A45E00F747BD /* Vehicle Service Tracker.xcdatamodeld */,
			);
			path = SaveData;
			sourceTree = "<group>";
		};
/* End PBXGroup section */

/* Begin PBXNativeTarget section */
		C3B67F9627962F64002191A7 /* Vehicle Service Tracker */ = {
			isa = PBXNativeTarget;
			buildConfigurationList = C3B67FAB27962F65002191A7 /* Build configuration list for PBXNativeTarget "Vehicle Service Tracker" */;
			buildPhases = (
				C3B67F9327962F64002191A7 /* Sources */,
				C3B67F9427962F64002191A7 /* Frameworks */,
				C3B67F9527962F64002191A7 /* Resources */,
			);
			buildRules = (
			);
			dependencies = (
			);
			name = "Vehicle Service Tracker";
			productName = "Vehicle Service Tracker";
			productReference = C3B67F9727962F64002191A7 /* Vehicle Service Tracker.app */;
			productType = "com.apple.product-type.application";
		};
/* End PBXNativeTarget section */

/* Begin PBXProject section */
		C3B67F8F27962F64002191A7 /* Project object */ = {
			isa = PBXProject;
			attributes = {
				BuildIndependentTargetsInParallel = 1;
				LastSwiftUpdateCheck = 1320;
				LastUpgradeCheck = 1320;
				TargetAttributes = {
					C3B67F9627962F64002191A7 = {
						CreatedOnToolsVersion = 13.2.1;
					};
				};
			};
			buildConfigurationList = C3B67F9227962F64002191A7 /* Build configuration list for PBXProject "Vehicle Service Tracker" */;
			compatibilityVersion = "Xcode 13.0";
			developmentRegion = en;
			hasScannedForEncodings = 0;
			knownRegions = (
				en,
				Base,
			);
			mainGroup = C3B67F8E27962F64002191A7;
			productRefGroup = C3B67F9827962F64002191A7 /* Products */;
			projectDirPath = "";
			projectRoot = "";
			targets = (
				C3B67F9627962F64002191A7 /* Vehicle Service Tracker */,
			);
		};
/* End PBXProject section */

/* Begin PBXResourcesBuildPhase section */
		C3B67F9527962F64002191A7 /* Resources */ = {
			isa = PBXResourcesBuildPhase;
			buildActionMask = 2147483647;
			files = (
				C3B67FA727962F65002191A7 /* LaunchScreen.storyboard in Resources */,
				C3B67FA427962F65002191A7 /* Assets.xcassets in Resources */,
				C3B67FA227962F64002191A7 /* Main.storyboard in Resources */,
			);
			runOnlyForDeploymentPostprocessing = 0;
		};
/* End PBXResourcesBuildPhase section */

/* Begin PBXSourcesBuildPhase section */
		C3B67F9327962F64002191A7 /* Sources */ = {
			isa = PBXSourcesBuildPhase;
			buildActionMask = 2147483647;
			files = (
				C380530427F2CA3B0007FB31 /* DataBaseHelper.swift in Sources */,
				C3D86EC827B186090075F07E /* VideoDetailView.swift in Sources */,
				C3C03EF027B8A45E00F747BD /* PersistenceService.swift in Sources */,
				C3B67F9F27962F64002191A7 /* AddVehiclesViewController.swift in Sources */,
				C3C03EBE27B85FD300F747BD /* CustomCell.swift in Sources */,
				C3967E7B27AF873D004F4F9F /* VehiclesViewController.swift in Sources */,
				C3B67F9B27962F64002191A7 /* AppDelegate.swift in Sources */,
				C3967E7727AF7A51004F4F9F /* dateWheelKeyboard.swift in Sources */,
				C3314C6727C3086E00CD0980 /* DetailViewController.swift in Sources */,
				C3C03EEF27B8A45E00F747BD /* Vehicle+CoreDataProperties.swift in Sources */,
				C3C03EF127B8A45E00F747BD /* Vehicle+CoreDataClass.swift in Sources */,
				C3C03EF227B8A45E00F747BD /* Vehicle Service Tracker.xcdatamodeld in Sources */,
				C3D86ECC27B18D420075F07E /* VideoListView.swift in Sources */,
				C3D86ECA27B186130075F07E /* Video.swift in Sources */,
				C3101BFA27BAC578006FBEAC /* dateKeyboard.swift in Sources */,
				C3967E7927AF800B004F4F9F /* SettingsViewController.swift in Sources */,
				C3B67F9D27962F64002191A7 /* SceneDelegate.swift in Sources */,
			);
			runOnlyForDeploymentPostprocessing = 0;
		};
/* End PBXSourcesBuildPhase section */

/* Begin PBXVariantGroup section */
		C3B67FA027962F64002191A7 /* Main.storyboard */ = {
			isa = PBXVariantGroup;
			children = (
				C3B67FA127962F64002191A7 /* Base */,
			);
			name = Main.storyboard;
			sourceTree = "<group>";
		};
		C3B67FA527962F65002191A7 /* LaunchScreen.storyboard */ = {
			isa = PBXVariantGroup;
			children = (
				C3B67FA627962F65002191A7 /* Base */,
			);
			name = LaunchScreen.storyboard;
			sourceTree = "<group>";
		};
/* End PBXVariantGroup section */

/* Begin XCBuildConfiguration section */
		C3B67FA927962F65002191A7 /* Debug */ = {
			isa = XCBuildConfiguration;
			buildSettings = {
				ALWAYS_SEARCH_USER_PATHS = NO;
				CLANG_ANALYZER_NONNULL = YES;
				CLANG_ANALYZER_NUMBER_OBJECT_CONVERSION = YES_AGGRESSIVE;
				CLANG_CXX_LANGUAGE_STANDARD = "gnu++17";
				CLANG_CXX_LIBRARY = "libc++";
				CLANG_ENABLE_MODULES = YES;
				CLANG_ENABLE_OBJC_ARC = YES;
				CLANG_ENABLE_OBJC_WEAK = YES;
				CLANG_WARN_BLOCK_CAPTURE_AUTORELEASING = YES;
				CLANG_WARN_BOOL_CONVERSION = YES;
				CLANG_WARN_COMMA = YES;
				CLANG_WARN_CONSTANT_CONVERSION = YES;
				CLANG_WARN_DEPRECATED_OBJC_IMPLEMENTATIONS = YES;
				CLANG_WARN_DIRECT_OBJC_ISA_USAGE = YES_ERROR;
				CLANG_WARN_DOCUMENTATION_COMMENTS = YES;
				CLANG_WARN_EMPTY_BODY = YES;
				CLANG_WARN_ENUM_CONVERSION = YES;
				CLANG_WARN_INFINITE_RECURSION = YES;
				CLANG_WARN_INT_CONVERSION = YES;
				CLANG_WARN_NON_LITERAL_NULL_CONVERSION = YES;
				CLANG_WARN_OBJC_IMPLICIT_RETAIN_SELF = YES;
				CLANG_WARN_OBJC_LITERAL_CONVERSION = YES;
				CLANG_WARN_OBJC_ROOT_CLASS = YES_ERROR;
				CLANG_WARN_QUOTED_INCLUDE_IN_FRAMEWORK_HEADER = YES;
				CLANG_WARN_RANGE_LOOP_ANALYSIS = YES;
				CLANG_WARN_STRICT_PROTOTYPES = YES;
				CLANG_WARN_SUSPICIOUS_MOVE = YES;
				CLANG_WARN_UNGUARDED_AVAILABILITY = YES_AGGRESSIVE;
				CLANG_WARN_UNREACHABLE_CODE = YES;
				CLANG_WARN__DUPLICATE_METHOD_MATCH = YES;
				COPY_PHASE_STRIP = NO;
				DEBUG_INFORMATION_FORMAT = dwarf;
				ENABLE_STRICT_OBJC_MSGSEND = YES;
				ENABLE_TESTABILITY = YES;
				GCC_C_LANGUAGE_STANDARD = gnu11;
				GCC_DYNAMIC_NO_PIC = NO;
				GCC_NO_COMMON_BLOCKS = YES;
				GCC_OPTIMIZATION_LEVEL = 0;
				GCC_PREPROCESSOR_DEFINITIONS = (
					"DEBUG=1",
					"$(inherited)",
				);
				GCC_WARN_64_TO_32_BIT_CONVERSION = YES;
				GCC_WARN_ABOUT_RETURN_TYPE = YES_ERROR;
				GCC_WARN_UNDECLARED_SELECTOR = YES;
				GCC_WARN_UNINITIALIZED_AUTOS = YES_AGGRESSIVE;
				GCC_WARN_UNUSED_FUNCTION = YES;
				GCC_WARN_UNUSED_VARIABLE = YES;
				IPHONEOS_DEPLOYMENT_TARGET = 15.2;
				MTL_ENABLE_DEBUG_INFO = INCLUDE_SOURCE;
				MTL_FAST_MATH = YES;
				ONLY_ACTIVE_ARCH = YES;
				SDKROOT = iphoneos;
				SWIFT_ACTIVE_COMPILATION_CONDITIONS = DEBUG;
				SWIFT_OPTIMIZATION_LEVEL = "-Onone";
			};
			name = Debug;
		};
		C3B67FAA27962F65002191A7 /* Release */ = {
			isa = XCBuildConfiguration;
			buildSettings = {
				ALWAYS_SEARCH_USER_PATHS = NO;
				CLANG_ANALYZER_NONNULL = YES;
				CLANG_ANALYZER_NUMBER_OBJECT_CONVERSION = YES_AGGRESSIVE;
				CLANG_CXX_LANGUAGE_STANDARD = "gnu++17";
				CLANG_CXX_LIBRARY = "libc++";
				CLANG_ENABLE_MODULES = YES;
				CLANG_ENABLE_OBJC_ARC = YES;
				CLANG_ENABLE_OBJC_WEAK = YES;
				CLANG_WARN_BLOCK_CAPTURE_AUTORELEASING = YES;
				CLANG_WARN_BOOL_CONVERSION = YES;
				CLANG_WARN_COMMA = YES;
				CLANG_WARN_CONSTANT_CONVERSION = YES;
				CLANG_WARN_DEPRECATED_OBJC_IMPLEMENTATIONS = YES;
				CLANG_WARN_DIRECT_OBJC_ISA_USAGE = YES_ERROR;
				CLANG_WARN_DOCUMENTATION_COMMENTS = YES;
				CLANG_WARN_EMPTY_BODY = YES;
				CLANG_WARN_ENUM_CONVERSION = YES;
				CLANG_WARN_INFINITE_RECURSION = YES;
				CLANG_WARN_INT_CONVERSION = YES;
				CLANG_WARN_NON_LITERAL_NULL_CONVERSION = YES;
				CLANG_WARN_OBJC_IMPLICIT_RETAIN_SELF = YES;
				CLANG_WARN_OBJC_LITERAL_CONVERSION = YES;
				CLANG_WARN_OBJC_ROOT_CLASS = YES_ERROR;
				CLANG_WARN_QUOTED_INCLUDE_IN_FRAMEWORK_HEADER = YES;
				CLANG_WARN_RANGE_LOOP_ANALYSIS = YES;
				CLANG_WARN_STRICT_PROTOTYPES = YES;
				CLANG_WARN_SUSPICIOUS_MOVE = YES;
				CLANG_WARN_UNGUARDED_AVAILABILITY = YES_AGGRESSIVE;
				CLANG_WARN_UNREACHABLE_CODE = YES;
				CLANG_WARN__DUPLICATE_METHOD_MATCH = YES;
				COPY_PHASE_STRIP = NO;
				DEBUG_INFORMATION_FORMAT = "dwarf-with-dsym";
				ENABLE_NS_ASSERTIONS = NO;
				ENABLE_STRICT_OBJC_MSGSEND = YES;
				GCC_C_LANGUAGE_STANDARD = gnu11;
				GCC_NO_COMMON_BLOCKS = YES;
				GCC_WARN_64_TO_32_BIT_CONVERSION = YES;
				GCC_WARN_ABOUT_RETURN_TYPE = YES_ERROR;
				GCC_WARN_UNDECLARED_SELECTOR = YES;
				GCC_WARN_UNINITIALIZED_AUTOS = YES_AGGRESSIVE;
				GCC_WARN_UNUSED_FUNCTION = YES;
				GCC_WARN_UNUSED_VARIABLE = YES;
				IPHONEOS_DEPLOYMENT_TARGET = 15.2;
				MTL_ENABLE_DEBUG_INFO = NO;
				MTL_FAST_MATH = YES;
				SDKROOT = iphoneos;
				SWIFT_COMPILATION_MODE = wholemodule;
				SWIFT_OPTIMIZATION_LEVEL = "-O";
				VALIDATE_PRODUCT = YES;
			};
			name = Release;
		};
		C3B67FAC27962F65002191A7 /* Debug */ = {
			isa = XCBuildConfiguration;
			buildSettings = {
				ASSETCATALOG_COMPILER_APPICON_NAME = AppIcon;
				ASSETCATALOG_COMPILER_GLOBAL_ACCENT_COLOR_NAME = AccentColor;
				CODE_SIGN_STYLE = Automatic;
				CURRENT_PROJECT_VERSION = 1;
				DEVELOPMENT_TEAM = U24V6YRKY5;
				GENERATE_INFOPLIST_FILE = YES;
				INFOPLIST_FILE = "Vehicle Service Tracker/Info.plist";
				INFOPLIST_KEY_UIApplicationSupportsIndirectInputEvents = YES;
				INFOPLIST_KEY_UILaunchStoryboardName = LaunchScreen;
				INFOPLIST_KEY_UIMainStoryboardFile = Main;
				INFOPLIST_KEY_UISupportedInterfaceOrientations = UIInterfaceOrientationPortrait;
				INFOPLIST_KEY_UISupportedInterfaceOrientations_iPad = "UIInterfaceOrientationPortrait UIInterfaceOrientationPortraitUpsideDown UIInterfaceOrientationLandscapeLeft UIInterfaceOrientationLandscapeRight";
				INFOPLIST_KEY_UISupportedInterfaceOrientations_iPhone = "UIInterfaceOrientationPortrait UIInterfaceOrientationLandscapeLeft UIInterfaceOrientationLandscapeRight";
				IPHONEOS_DEPLOYMENT_TARGET = 15.0;
				LD_RUNPATH_SEARCH_PATHS = (
					"$(inherited)",
					"@executable_path/Frameworks",
				);
				MARKETING_VERSION = 1.0;
				PRODUCT_BUNDLE_IDENTIFIER = "Barslund.Vehicle-Service-Tracker";
				PRODUCT_NAME = "$(TARGET_NAME)";
				SWIFT_EMIT_LOC_STRINGS = YES;
				SWIFT_VERSION = 5.0;
				TARGETED_DEVICE_FAMILY = "1,2";
			};
			name = Debug;
		};
		C3B67FAD27962F65002191A7 /* Release */ = {
			isa = XCBuildConfiguration;
			buildSettings = {
				ASSETCATALOG_COMPILER_APPICON_NAME = AppIcon;
				ASSETCATALOG_COMPILER_GLOBAL_ACCENT_COLOR_NAME = AccentColor;
				CODE_SIGN_STYLE = Automatic;
				CURRENT_PROJECT_VERSION = 1;
				DEVELOPMENT_TEAM = U24V6YRKY5;
				GENERATE_INFOPLIST_FILE = YES;
				INFOPLIST_FILE = "Vehicle Service Tracker/Info.plist";
				INFOPLIST_KEY_UIApplicationSupportsIndirectInputEvents = YES;
				INFOPLIST_KEY_UILaunchStoryboardName = LaunchScreen;
				INFOPLIST_KEY_UIMainStoryboardFile = Main;
				INFOPLIST_KEY_UISupportedInterfaceOrientations = UIInterfaceOrientationPortrait;
				INFOPLIST_KEY_UISupportedInterfaceOrientations_iPad = "UIInterfaceOrientationPortrait UIInterfaceOrientationPortraitUpsideDown UIInterfaceOrientationLandscapeLeft UIInterfaceOrientationLandscapeRight";
				INFOPLIST_KEY_UISupportedInterfaceOrientations_iPhone = "UIInterfaceOrientationPortrait UIInterfaceOrientationLandscapeLeft UIInterfaceOrientationLandscapeRight";
				IPHONEOS_DEPLOYMENT_TARGET = 15.0;
				LD_RUNPATH_SEARCH_PATHS = (
					"$(inherited)",
					"@executable_path/Frameworks",
				);
				MARKETING_VERSION = 1.0;
				PRODUCT_BUNDLE_IDENTIFIER = "Barslund.Vehicle-Service-Tracker";
				PRODUCT_NAME = "$(TARGET_NAME)";
				SWIFT_EMIT_LOC_STRINGS = YES;
				SWIFT_VERSION = 5.0;
				TARGETED_DEVICE_FAMILY = "1,2";
			};
			name = Release;
		};
/* End XCBuildConfiguration section */

/* Begin XCConfigurationList section */
		C3B67F9227962F64002191A7 /* Build configuration list for PBXProject "Vehicle Service Tracker" */ = {
			isa = XCConfigurationList;
			buildConfigurations = (
				C3B67FA927962F65002191A7 /* Debug */,
				C3B67FAA27962F65002191A7 /* Release */,
			);
			defaultConfigurationIsVisible = 0;
			defaultConfigurationName = Release;
		};
		C3B67FAB27962F65002191A7 /* Build configuration list for PBXNativeTarget "Vehicle Service Tracker" */ = {
			isa = XCConfigurationList;
			buildConfigurations = (
				C3B67FAC27962F65002191A7 /* Debug */,
				C3B67FAD27962F65002191A7 /* Release */,
			);
			defaultConfigurationIsVisible = 0;
			defaultConfigurationName = Release;
		};
/* End XCConfigurationList section */

/* Begin XCVersionGroup section */
		C3C03EED27B8A45E00F747BD /* Vehicle Service Tracker.xcdatamodeld */ = {
			isa = XCVersionGroup;
			children = (
				C3C03EEE27B8A45E00F747BD /* savingData.xcdatamodel */,
			);
			currentVersion = C3C03EEE27B8A45E00F747BD /* savingData.xcdatamodel */;
			path = "Vehicle Service Tracker.xcdatamodeld";
			sourceTree = "<group>";
			versionGroupType = wrapper.xcdatamodel;
		};
/* End XCVersionGroup section */
	};
	rootObject = C3B67F8F27962F64002191A7 /* Project object */;
}
